
Microsoft Visual Studio Solution File, Format Version 12.00
# Visual Studio Version 17
VisualStudioVersion = 17.3.32825.248
MinimumVisualStudioVersion = 10.0.40219.1
Project("{FAE04EC0-301F-11D3-BF4B-00C04F79EFBC}") = "CinemaList", "CinemaList\CinemaList.csproj", "{0E2619F0-FE43-4FFE-9F7D-3E10DAF4A2A8}"
EndProject
Global
	GlobalSection(SolutionConfigurationPlatforms) = preSolution
		Debug|Any CPU = Debug|Any CPU
		Release|Any CPU = Release|Any CPU
	EndGlobalSection
	GlobalSection(ProjectConfigurationPlatforms) = postSolution
		{0E2619F0-FE43-4FFE-9F7D-3E10DAF4A2A8}.Debug|Any CPU.ActiveCfg = Debug|Any CPU
		{0E2619F0-FE43-4FFE-9F7D-3E10DAF4A2A8}.Debug|Any CPU.Build.0 = Debug|Any CPU
		{0E2619F0-FE43-4FFE-9F7D-3E10DAF4A2A8}.Release|Any CPU.ActiveCfg = Release|Any CPU
		{0E2619F0-FE43-4FFE-9F7D-3E10DAF4A2A8}.Release|Any CPU.Build.0 = Release|Any CPU
	EndGlobalSection
	GlobalSection(SolutionProperties) = preSolution
		HideSolutionNode = FALSE
	EndGlobalSection
	GlobalSection(ExtensibilityGlobals) = postSolution
		SolutionGuid = {DEB50F56-294C-4C3E-ADE0-4A4642818B4D}
	EndGlobalSection
EndGlobal
